// !$*UTF8*$!
{
	archiveVersion = 1;
	classes = {
	};
	objectVersion = 46;
	objects = {

/* Begin PBXBuildFile section */
		170BFA4C1AD5DBA800BFFEAC /* NucleusFramework.h in Headers */ = {isa = PBXBuildFile; fileRef = 170BFA4B1AD5DBA800BFFEAC /* NucleusFramework.h */; settings = {ATTRIBUTES = (Public, ); }; };
		170BFA521AD5DBA800BFFEAC /* NucleusFramework.framework in Frameworks */ = {isa = PBXBuildFile; fileRef = 170BFA461AD5DBA800BFFEAC /* NucleusFramework.framework */; };
		170BFA591AD5DBA800BFFEAC /* NucleusFrameworkTests.swift in Sources */ = {isa = PBXBuildFile; fileRef = 170BFA581AD5DBA800BFFEAC /* NucleusFrameworkTests.swift */; };
		170BFA6C1AD5DCCB00BFFEAC /* NLFNucleusAPI.swift in Sources */ = {isa = PBXBuildFile; fileRef = 170BFA6B1AD5DCCB00BFFEAC /* NLFNucleusAPI.swift */; };
		170BFA6E1AD5DD7600BFFEAC /* NLFURLSession.swift in Sources */ = {isa = PBXBuildFile; fileRef = 170BFA6D1AD5DD7600BFFEAC /* NLFURLSession.swift */; };
		170BFA6F1AD5DD7600BFFEAC /* NLFURLSession.swift in Sources */ = {isa = PBXBuildFile; fileRef = 170BFA6D1AD5DD7600BFFEAC /* NLFURLSession.swift */; };
		171086641B0E4BD300D282C4 /* NLFNucleusLocationManager.swift in Sources */ = {isa = PBXBuildFile; fileRef = 171086631B0E4BD300D282C4 /* NLFNucleusLocationManager.swift */; };
		171086661B0E4BFD00D282C4 /* CoreLocation.framework in Frameworks */ = {isa = PBXBuildFile; fileRef = 171086651B0E4BFD00D282C4 /* CoreLocation.framework */; };
		1710866D1B0E760300D282C4 /* NLFNucleusStream.swift in Sources */ = {isa = PBXBuildFile; fileRef = 1710866C1B0E760300D282C4 /* NLFNucleusStream.swift */; };
		1710866F1B0E84E900D282C4 /* NLFNucleusStreamifiedTableViewController.swift in Sources */ = {isa = PBXBuildFile; fileRef = 1710866E1B0E84E900D282C4 /* NLFNucleusStreamifiedTableViewController.swift */; };
		174224DD1AE2A13700488F86 /* NLFYoutubePlayerViewController.swift in Sources */ = {isa = PBXBuildFile; fileRef = 174224DC1AE2A13700488F86 /* NLFYoutubePlayerViewController.swift */; };
		174224E11AE2A21300488F86 /* NLFYoutubePlayerView.swift in Sources */ = {isa = PBXBuildFile; fileRef = 174224E01AE2A21300488F86 /* NLFYoutubePlayerView.swift */; };
		174224E41AE2CC1B00488F86 /* YTPlayerView.h in Headers */ = {isa = PBXBuildFile; fileRef = 174224E21AE2CC1B00488F86 /* YTPlayerView.h */; settings = {ATTRIBUTES = (Public, ); }; };
		174224E51AE2CC1B00488F86 /* YTPlayerView.m in Sources */ = {isa = PBXBuildFile; fileRef = 174224E31AE2CC1B00488F86 /* YTPlayerView.m */; };
		1772A73D1AE2F198005CA785 /* YTPlayerView-iframe-player.html in Resources */ = {isa = PBXBuildFile; fileRef = 1772A73C1AE2F198005CA785 /* YTPlayerView-iframe-player.html */; };
		178481D41B0BC84C002D1B4A /* NLFNucleusNavigationController.swift in Sources */ = {isa = PBXBuildFile; fileRef = 178481D31B0BC84C002D1B4A /* NLFNucleusNavigationController.swift */; };
		17A02EFB1AD9AD3C00D13B2F /* NLFNucleusViewController.swift in Sources */ = {isa = PBXBuildFile; fileRef = 17A02EFA1AD9AD3C00D13B2F /* NLFNucleusViewController.swift */; };
		17A02EFD1AD9ADA900D13B2F /* NLFNucleusTableViewController.swift in Sources */ = {isa = PBXBuildFile; fileRef = 17A02EFC1AD9ADA900D13B2F /* NLFNucleusTableViewController.swift */; };
		17A02EFF1AD9AE9700D13B2F /* NLFNucleusAPIRequest.swift in Sources */ = {isa = PBXBuildFile; fileRef = 17A02EFE1AD9AE9700D13B2F /* NLFNucleusAPIRequest.swift */; };
		17A02F031AD9B19100D13B2F /* NLFNucleusEndpointsManager.swift in Sources */ = {isa = PBXBuildFile; fileRef = 17A02F021AD9B19100D13B2F /* NLFNucleusEndpointsManager.swift */; };
		17A0C8051ADB1AEA002F5AF8 /* NLFDownloadManager.swift in Sources */ = {isa = PBXBuildFile; fileRef = 17A0C8041ADB1AEA002F5AF8 /* NLFDownloadManager.swift */; };
		17A0C8081ADDC9D3002F5AF8 /* NLFDownloadableImageView.swift in Sources */ = {isa = PBXBuildFile; fileRef = 17A0C8071ADDC9D3002F5AF8 /* NLFDownloadableImageView.swift */; };
		17C4C1441B10901E0091D9B6 /* NLFNucleusFormTableViewController.swift in Sources */ = {isa = PBXBuildFile; fileRef = 17C4C1431B10901E0091D9B6 /* NLFNucleusFormTableViewController.swift */; };
		17C4C1481B1092510091D9B6 /* NLFNucleusFormTableViewCell.swift in Sources */ = {isa = PBXBuildFile; fileRef = 17C4C1471B1092510091D9B6 /* NLFNucleusFormTableViewCell.swift */; };
		17C4C14A1B1092720091D9B6 /* NLFNucleusTableViewCell.swift in Sources */ = {isa = PBXBuildFile; fileRef = 17C4C1491B1092720091D9B6 /* NLFNucleusTableViewCell.swift */; };
		17C4C14C1B1097680091D9B6 /* NLFNucleusTextFieldFormCell.swift in Sources */ = {isa = PBXBuildFile; fileRef = 17C4C14B1B1097680091D9B6 /* NLFNucleusTextFieldFormCell.swift */; };
		17C4C14E1B1098C10091D9B6 /* NLFNucleusTextView.swift in Sources */ = {isa = PBXBuildFile; fileRef = 17C4C14D1B1098C10091D9B6 /* NLFNucleusTextView.swift */; };
/* End PBXBuildFile section */

/* Begin PBXContainerItemProxy section */
		170BFA531AD5DBA800BFFEAC /* PBXContainerItemProxy */ = {
			isa = PBXContainerItemProxy;
			containerPortal = 170BFA3D1AD5DBA800BFFEAC /* Project object */;
			proxyType = 1;
			remoteGlobalIDString = 170BFA451AD5DBA800BFFEAC;
			remoteInfo = NucleusFramework;
		};
/* End PBXContainerItemProxy section */

/* Begin PBXFileReference section */
		170BFA461AD5DBA800BFFEAC /* NucleusFramework.framework */ = {isa = PBXFileReference; explicitFileType = wrapper.framework; includeInIndex = 0; path = NucleusFramework.framework; sourceTree = BUILT_PRODUCTS_DIR; };
		170BFA4A1AD5DBA800BFFEAC /* Info.plist */ = {isa = PBXFileReference; lastKnownFileType = text.plist.xml; path = Info.plist; sourceTree = "<group>"; };
		170BFA4B1AD5DBA800BFFEAC /* NucleusFramework.h */ = {isa = PBXFileReference; lastKnownFileType = sourcecode.c.h; path = NucleusFramework.h; sourceTree = "<group>"; };
		170BFA511AD5DBA800BFFEAC /* NucleusFrameworkTests.xctest */ = {isa = PBXFileReference; explicitFileType = wrapper.cfbundle; includeInIndex = 0; path = NucleusFrameworkTests.xctest; sourceTree = BUILT_PRODUCTS_DIR; };
		170BFA571AD5DBA800BFFEAC /* Info.plist */ = {isa = PBXFileReference; lastKnownFileType = text.plist.xml; path = Info.plist; sourceTree = "<group>"; };
		170BFA581AD5DBA800BFFEAC /* NucleusFrameworkTests.swift */ = {isa = PBXFileReference; lastKnownFileType = sourcecode.swift; path = NucleusFrameworkTests.swift; sourceTree = "<group>"; };
		170BFA6B1AD5DCCB00BFFEAC /* NLFNucleusAPI.swift */ = {isa = PBXFileReference; fileEncoding = 4; lastKnownFileType = sourcecode.swift; path = NLFNucleusAPI.swift; sourceTree = "<group>"; };
		170BFA6D1AD5DD7600BFFEAC /* NLFURLSession.swift */ = {isa = PBXFileReference; fileEncoding = 4; lastKnownFileType = sourcecode.swift; path = NLFURLSession.swift; sourceTree = "<group>"; };
		171086631B0E4BD300D282C4 /* NLFNucleusLocationManager.swift */ = {isa = PBXFileReference; fileEncoding = 4; lastKnownFileType = sourcecode.swift; path = NLFNucleusLocationManager.swift; sourceTree = "<group>"; };
		171086651B0E4BFD00D282C4 /* CoreLocation.framework */ = {isa = PBXFileReference; lastKnownFileType = wrapper.framework; name = CoreLocation.framework; path = System/Library/Frameworks/CoreLocation.framework; sourceTree = SDKROOT; };
		1710866C1B0E760300D282C4 /* NLFNucleusStream.swift */ = {isa = PBXFileReference; fileEncoding = 4; lastKnownFileType = sourcecode.swift; path = NLFNucleusStream.swift; sourceTree = "<group>"; };
		1710866E1B0E84E900D282C4 /* NLFNucleusStreamifiedTableViewController.swift */ = {isa = PBXFileReference; fileEncoding = 4; lastKnownFileType = sourcecode.swift; path = NLFNucleusStreamifiedTableViewController.swift; sourceTree = "<group>"; };
		174224DC1AE2A13700488F86 /* NLFYoutubePlayerViewController.swift */ = {isa = PBXFileReference; fileEncoding = 4; lastKnownFileType = sourcecode.swift; name = NLFYoutubePlayerViewController.swift; path = NucleusPlugins/NucleusYoutubePlayer/NLFYoutubePlayerViewController.swift; sourceTree = "<group>"; };
		174224E01AE2A21300488F86 /* NLFYoutubePlayerView.swift */ = {isa = PBXFileReference; fileEncoding = 4; lastKnownFileType = sourcecode.swift; name = NLFYoutubePlayerView.swift; path = NucleusPlugins/NucleusYoutubePlayer/NLFYoutubePlayerView.swift; sourceTree = "<group>"; };
		174224E21AE2CC1B00488F86 /* YTPlayerView.h */ = {isa = PBXFileReference; fileEncoding = 4; lastKnownFileType = sourcecode.c.h; path = YTPlayerView.h; sourceTree = "<group>"; };
		174224E31AE2CC1B00488F86 /* YTPlayerView.m */ = {isa = PBXFileReference; fileEncoding = 4; lastKnownFileType = sourcecode.c.objc; path = YTPlayerView.m; sourceTree = "<group>"; };
		1772A73C1AE2F198005CA785 /* YTPlayerView-iframe-player.html */ = {isa = PBXFileReference; fileEncoding = 4; lastKnownFileType = text.html; path = "YTPlayerView-iframe-player.html"; sourceTree = "<group>"; };
		178481D31B0BC84C002D1B4A /* NLFNucleusNavigationController.swift */ = {isa = PBXFileReference; fileEncoding = 4; lastKnownFileType = sourcecode.swift; path = NLFNucleusNavigationController.swift; sourceTree = "<group>"; };
		17A02EFA1AD9AD3C00D13B2F /* NLFNucleusViewController.swift */ = {isa = PBXFileReference; fileEncoding = 4; lastKnownFileType = sourcecode.swift; path = NLFNucleusViewController.swift; sourceTree = "<group>"; };
		17A02EFC1AD9ADA900D13B2F /* NLFNucleusTableViewController.swift */ = {isa = PBXFileReference; fileEncoding = 4; lastKnownFileType = sourcecode.swift; path = NLFNucleusTableViewController.swift; sourceTree = "<group>"; };
		17A02EFE1AD9AE9700D13B2F /* NLFNucleusAPIRequest.swift */ = {isa = PBXFileReference; fileEncoding = 4; lastKnownFileType = sourcecode.swift; path = NLFNucleusAPIRequest.swift; sourceTree = "<group>"; };
		17A02F021AD9B19100D13B2F /* NLFNucleusEndpointsManager.swift */ = {isa = PBXFileReference; fileEncoding = 4; lastKnownFileType = sourcecode.swift; path = NLFNucleusEndpointsManager.swift; sourceTree = "<group>"; };
		17A0C8041ADB1AEA002F5AF8 /* NLFDownloadManager.swift */ = {isa = PBXFileReference; fileEncoding = 4; lastKnownFileType = sourcecode.swift; path = NLFDownloadManager.swift; sourceTree = "<group>"; };
		17A0C8071ADDC9D3002F5AF8 /* NLFDownloadableImageView.swift */ = {isa = PBXFileReference; fileEncoding = 4; lastKnownFileType = sourcecode.swift; name = NLFDownloadableImageView.swift; path = NucleusUI/NLFDownloadableImageView.swift; sourceTree = "<group>"; };
		17C4C1431B10901E0091D9B6 /* NLFNucleusFormTableViewController.swift */ = {isa = PBXFileReference; fileEncoding = 4; lastKnownFileType = sourcecode.swift; path = NLFNucleusFormTableViewController.swift; sourceTree = "<group>"; };
		17C4C1471B1092510091D9B6 /* NLFNucleusFormTableViewCell.swift */ = {isa = PBXFileReference; fileEncoding = 4; lastKnownFileType = sourcecode.swift; path = NLFNucleusFormTableViewCell.swift; sourceTree = "<group>"; };
		17C4C1491B1092720091D9B6 /* NLFNucleusTableViewCell.swift */ = {isa = PBXFileReference; fileEncoding = 4; lastKnownFileType = sourcecode.swift; path = NLFNucleusTableViewCell.swift; sourceTree = "<group>"; };
		17C4C14B1B1097680091D9B6 /* NLFNucleusTextFieldFormCell.swift */ = {isa = PBXFileReference; fileEncoding = 4; lastKnownFileType = sourcecode.swift; path = NLFNucleusTextFieldFormCell.swift; sourceTree = "<group>"; };
		17C4C14D1B1098C10091D9B6 /* NLFNucleusTextView.swift */ = {isa = PBXFileReference; fileEncoding = 4; lastKnownFileType = sourcecode.swift; path = NLFNucleusTextView.swift; sourceTree = "<group>"; };
/* End PBXFileReference section */

/* Begin PBXFrameworksBuildPhase section */
		170BFA421AD5DBA800BFFEAC /* Frameworks */ = {
			isa = PBXFrameworksBuildPhase;
			buildActionMask = 2147483647;
			files = (
				171086661B0E4BFD00D282C4 /* CoreLocation.framework in Frameworks */,
			);
			runOnlyForDeploymentPostprocessing = 0;
		};
		170BFA4E1AD5DBA800BFFEAC /* Frameworks */ = {
			isa = PBXFrameworksBuildPhase;
			buildActionMask = 2147483647;
			files = (
				170BFA521AD5DBA800BFFEAC /* NucleusFramework.framework in Frameworks */,
			);
			runOnlyForDeploymentPostprocessing = 0;
		};
/* End PBXFrameworksBuildPhase section */

/* Begin PBXGroup section */
		170BFA3C1AD5DBA800BFFEAC = {
			isa = PBXGroup;
			children = (
				171086651B0E4BFD00D282C4 /* CoreLocation.framework */,
				170BFA481AD5DBA800BFFEAC /* NucleusFramework */,
				170BFA551AD5DBA800BFFEAC /* NucleusFrameworkTests */,
				170BFA471AD5DBA800BFFEAC /* Products */,
			);
			sourceTree = "<group>";
		};
		170BFA471AD5DBA800BFFEAC /* Products */ = {
			isa = PBXGroup;
			children = (
				170BFA461AD5DBA800BFFEAC /* NucleusFramework.framework */,
				170BFA511AD5DBA800BFFEAC /* NucleusFrameworkTests.xctest */,
			);
			name = Products;
			sourceTree = "<group>";
		};
		170BFA481AD5DBA800BFFEAC /* NucleusFramework */ = {
			isa = PBXGroup;
			children = (
				174224DE1AE2A13C00488F86 /* Nucleus Plugins */,
				17A0C8061ADDC99F002F5AF8 /* NucleusUI */,
				170BFA491AD5DBA800BFFEAC /* Supporting Files */,
				170BFA4B1AD5DBA800BFFEAC /* NucleusFramework.h */,
				170BFA6B1AD5DCCB00BFFEAC /* NLFNucleusAPI.swift */,
				170BFA6D1AD5DD7600BFFEAC /* NLFURLSession.swift */,
				17A02EFA1AD9AD3C00D13B2F /* NLFNucleusViewController.swift */,
				17A02EFC1AD9ADA900D13B2F /* NLFNucleusTableViewController.swift */,
				17A02EFE1AD9AE9700D13B2F /* NLFNucleusAPIRequest.swift */,
				17A02F021AD9B19100D13B2F /* NLFNucleusEndpointsManager.swift */,
				17A0C8041ADB1AEA002F5AF8 /* NLFDownloadManager.swift */,
				178481D31B0BC84C002D1B4A /* NLFNucleusNavigationController.swift */,
				171086631B0E4BD300D282C4 /* NLFNucleusLocationManager.swift */,
				1710866C1B0E760300D282C4 /* NLFNucleusStream.swift */,
				1710866E1B0E84E900D282C4 /* NLFNucleusStreamifiedTableViewController.swift */,
			);
			path = NucleusFramework;
			sourceTree = "<group>";
		};
		170BFA491AD5DBA800BFFEAC /* Supporting Files */ = {
			isa = PBXGroup;
			children = (
				1772A73C1AE2F198005CA785 /* YTPlayerView-iframe-player.html */,
				170BFA4A1AD5DBA800BFFEAC /* Info.plist */,
			);
			name = "Supporting Files";
			sourceTree = "<group>";
		};
		170BFA551AD5DBA800BFFEAC /* NucleusFrameworkTests */ = {
			isa = PBXGroup;
			children = (
				170BFA581AD5DBA800BFFEAC /* NucleusFrameworkTests.swift */,
				170BFA561AD5DBA800BFFEAC /* Supporting Files */,
			);
			path = NucleusFrameworkTests;
			sourceTree = "<group>";
		};
		170BFA561AD5DBA800BFFEAC /* Supporting Files */ = {
			isa = PBXGroup;
			children = (
				170BFA571AD5DBA800BFFEAC /* Info.plist */,
			);
			name = "Supporting Files";
			sourceTree = "<group>";
		};
		174224DE1AE2A13C00488F86 /* Nucleus Plugins */ = {
			isa = PBXGroup;
			children = (
				17C4C1451B1091160091D9B6 /* Nucleus Form */,
				174224DF1AE2A15D00488F86 /* Nucleus Youtube Player */,
			);
			name = "Nucleus Plugins";
			sourceTree = "<group>";
		};
		174224DF1AE2A15D00488F86 /* Nucleus Youtube Player */ = {
			isa = PBXGroup;
			children = (
				174224E21AE2CC1B00488F86 /* YTPlayerView.h */,
				174224E31AE2CC1B00488F86 /* YTPlayerView.m */,
				174224DC1AE2A13700488F86 /* NLFYoutubePlayerViewController.swift */,
				174224E01AE2A21300488F86 /* NLFYoutubePlayerView.swift */,
			);
			name = "Nucleus Youtube Player";
			sourceTree = "<group>";
		};
		17A0C8061ADDC99F002F5AF8 /* NucleusUI */ = {
			isa = PBXGroup;
			children = (
				17A0C8071ADDC9D3002F5AF8 /* NLFDownloadableImageView.swift */,
				17C4C1491B1092720091D9B6 /* NLFNucleusTableViewCell.swift */,
				17C4C14D1B1098C10091D9B6 /* NLFNucleusTextView.swift */,
			);
			name = NucleusUI;
			sourceTree = "<group>";
		};
		17C4C1451B1091160091D9B6 /* Nucleus Form */ = {
			isa = PBXGroup;
			children = (
				17C4C1461B10921F0091D9B6 /* Nucleus Form UI */,
				17C4C1431B10901E0091D9B6 /* NLFNucleusFormTableViewController.swift */,
			);
			name = "Nucleus Form";
			sourceTree = "<group>";
		};
		17C4C1461B10921F0091D9B6 /* Nucleus Form UI */ = {
			isa = PBXGroup;
			children = (
				17C4C1471B1092510091D9B6 /* NLFNucleusFormTableViewCell.swift */,
				17C4C14B1B1097680091D9B6 /* NLFNucleusTextFieldFormCell.swift */,
			);
			name = "Nucleus Form UI";
			sourceTree = "<group>";
		};
/* End PBXGroup section */

/* Begin PBXHeadersBuildPhase section */
		170BFA431AD5DBA800BFFEAC /* Headers */ = {
			isa = PBXHeadersBuildPhase;
			buildActionMask = 2147483647;
			files = (
				170BFA4C1AD5DBA800BFFEAC /* NucleusFramework.h in Headers */,
				174224E41AE2CC1B00488F86 /* YTPlayerView.h in Headers */,
			);
			runOnlyForDeploymentPostprocessing = 0;
		};
/* End PBXHeadersBuildPhase section */

/* Begin PBXNativeTarget section */
		170BFA451AD5DBA800BFFEAC /* NucleusFramework */ = {
			isa = PBXNativeTarget;
			buildConfigurationList = 170BFA5C1AD5DBA800BFFEAC /* Build configuration list for PBXNativeTarget "NucleusFramework" */;
			buildPhases = (
				170BFA411AD5DBA800BFFEAC /* Sources */,
				170BFA421AD5DBA800BFFEAC /* Frameworks */,
				170BFA431AD5DBA800BFFEAC /* Headers */,
				170BFA441AD5DBA800BFFEAC /* Resources */,
			);
			buildRules = (
			);
			dependencies = (
			);
			name = NucleusFramework;
			productName = NucleusFramework;
			productReference = 170BFA461AD5DBA800BFFEAC /* NucleusFramework.framework */;
			productType = "com.apple.product-type.framework";
		};
		170BFA501AD5DBA800BFFEAC /* NucleusFrameworkTests */ = {
			isa = PBXNativeTarget;
			buildConfigurationList = 170BFA5F1AD5DBA800BFFEAC /* Build configuration list for PBXNativeTarget "NucleusFrameworkTests" */;
			buildPhases = (
				170BFA4D1AD5DBA800BFFEAC /* Sources */,
				170BFA4E1AD5DBA800BFFEAC /* Frameworks */,
				170BFA4F1AD5DBA800BFFEAC /* Resources */,
			);
			buildRules = (
			);
			dependencies = (
				170BFA541AD5DBA800BFFEAC /* PBXTargetDependency */,
			);
			name = NucleusFrameworkTests;
			productName = NucleusFrameworkTests;
			productReference = 170BFA511AD5DBA800BFFEAC /* NucleusFrameworkTests.xctest */;
			productType = "com.apple.product-type.bundle.unit-test";
		};
/* End PBXNativeTarget section */

/* Begin PBXProject section */
		170BFA3D1AD5DBA800BFFEAC /* Project object */ = {
			isa = PBXProject;
			attributes = {
				LastUpgradeCheck = 0620;
				ORGANIZATIONNAME = "Florian Marcu";
				TargetAttributes = {
					170BFA451AD5DBA800BFFEAC = {
						CreatedOnToolsVersion = 6.2;
					};
					170BFA501AD5DBA800BFFEAC = {
						CreatedOnToolsVersion = 6.2;
					};
				};
			};
			buildConfigurationList = 170BFA401AD5DBA800BFFEAC /* Build configuration list for PBXProject "NucleusFramework" */;
			compatibilityVersion = "Xcode 3.2";
			developmentRegion = English;
			hasScannedForEncodings = 0;
			knownRegions = (
				en,
			);
			mainGroup = 170BFA3C1AD5DBA800BFFEAC;
			productRefGroup = 170BFA471AD5DBA800BFFEAC /* Products */;
			projectDirPath = "";
			projectRoot = "";
			targets = (
				170BFA451AD5DBA800BFFEAC /* NucleusFramework */,
				170BFA501AD5DBA800BFFEAC /* NucleusFrameworkTests */,
			);
		};
/* End PBXProject section */

/* Begin PBXResourcesBuildPhase section */
		170BFA441AD5DBA800BFFEAC /* Resources */ = {
			isa = PBXResourcesBuildPhase;
			buildActionMask = 2147483647;
			files = (
				1772A73D1AE2F198005CA785 /* YTPlayerView-iframe-player.html in Resources */,
			);
			runOnlyForDeploymentPostprocessing = 0;
		};
		170BFA4F1AD5DBA800BFFEAC /* Resources */ = {
			isa = PBXResourcesBuildPhase;
			buildActionMask = 2147483647;
			files = (
			);
			runOnlyForDeploymentPostprocessing = 0;
		};
/* End PBXResourcesBuildPhase section */

/* Begin PBXSourcesBuildPhase section */
		170BFA411AD5DBA800BFFEAC /* Sources */ = {
			isa = PBXSourcesBuildPhase;
			buildActionMask = 2147483647;
			files = (
				17A02EFD1AD9ADA900D13B2F /* NLFNucleusTableViewController.swift in Sources */,
				174224E51AE2CC1B00488F86 /* YTPlayerView.m in Sources */,
				178481D41B0BC84C002D1B4A /* NLFNucleusNavigationController.swift in Sources */,
				17C4C14C1B1097680091D9B6 /* NLFNucleusTextFieldFormCell.swift in Sources */,
				17A02EFB1AD9AD3C00D13B2F /* NLFNucleusViewController.swift in Sources */,
				170BFA6C1AD5DCCB00BFFEAC /* NLFNucleusAPI.swift in Sources */,
				174224DD1AE2A13700488F86 /* NLFYoutubePlayerViewController.swift in Sources */,
				174224E11AE2A21300488F86 /* NLFYoutubePlayerView.swift in Sources */,
				17A0C8081ADDC9D3002F5AF8 /* NLFDownloadableImageView.swift in Sources */,
				17A0C8051ADB1AEA002F5AF8 /* NLFDownloadManager.swift in Sources */,
				170BFA6E1AD5DD7600BFFEAC /* NLFURLSession.swift in Sources */,
				171086641B0E4BD300D282C4 /* NLFNucleusLocationManager.swift in Sources */,
				17A02F031AD9B19100D13B2F /* NLFNucleusEndpointsManager.swift in Sources */,
				17C4C1441B10901E0091D9B6 /* NLFNucleusFormTableViewController.swift in Sources */,
				1710866D1B0E760300D282C4 /* NLFNucleusStream.swift in Sources */,
				17C4C1481B1092510091D9B6 /* NLFNucleusFormTableViewCell.swift in Sources */,
				17A02EFF1AD9AE9700D13B2F /* NLFNucleusAPIRequest.swift in Sources */,
				17C4C14A1B1092720091D9B6 /* NLFNucleusTableViewCell.swift in Sources */,
				17C4C14E1B1098C10091D9B6 /* NLFNucleusTextView.swift in Sources */,
				1710866F1B0E84E900D282C4 /* NLFNucleusStreamifiedTableViewController.swift in Sources */,
			);
			runOnlyForDeploymentPostprocessing = 0;
		};
		170BFA4D1AD5DBA800BFFEAC /* Sources */ = {
			isa = PBXSourcesBuildPhase;
			buildActionMask = 2147483647;
			files = (
				170BFA591AD5DBA800BFFEAC /* NucleusFrameworkTests.swift in Sources */,
				170BFA6F1AD5DD7600BFFEAC /* NLFURLSession.swift in Sources */,
			);
			runOnlyForDeploymentPostprocessing = 0;
		};
/* End PBXSourcesBuildPhase section */

/* Begin PBXTargetDependency section */
		170BFA541AD5DBA800BFFEAC /* PBXTargetDependency */ = {
			isa = PBXTargetDependency;
			target = 170BFA451AD5DBA800BFFEAC /* NucleusFramework */;
			targetProxy = 170BFA531AD5DBA800BFFEAC /* PBXContainerItemProxy */;
		};
/* End PBXTargetDependency section */

/* Begin XCBuildConfiguration section */
		170BFA5A1AD5DBA800BFFEAC /* Debug */ = {
			isa = XCBuildConfiguration;
			buildSettings = {
				ALWAYS_SEARCH_USER_PATHS = NO;
				CLANG_ALLOW_NON_MODULAR_INCLUDES_IN_FRAMEWORK_MODULES = YES;
				CLANG_CXX_LANGUAGE_STANDARD = "gnu++0x";
				CLANG_CXX_LIBRARY = "libc++";
				CLANG_ENABLE_MODULES = YES;
				CLANG_ENABLE_OBJC_ARC = YES;
				CLANG_WARN_BOOL_CONVERSION = YES;
				CLANG_WARN_CONSTANT_CONVERSION = YES;
				CLANG_WARN_DIRECT_OBJC_ISA_USAGE = YES_ERROR;
				CLANG_WARN_EMPTY_BODY = YES;
				CLANG_WARN_ENUM_CONVERSION = YES;
				CLANG_WARN_INT_CONVERSION = YES;
				CLANG_WARN_OBJC_ROOT_CLASS = YES_ERROR;
				CLANG_WARN_UNREACHABLE_CODE = YES;
				CLANG_WARN__DUPLICATE_METHOD_MATCH = YES;
				"CODE_SIGN_IDENTITY[sdk=iphoneos*]" = "iPhone Developer";
				COPY_PHASE_STRIP = NO;
				CURRENT_PROJECT_VERSION = 1;
				DEFINES_MODULE = YES;
				ENABLE_STRICT_OBJC_MSGSEND = YES;
				GCC_C_LANGUAGE_STANDARD = gnu99;
				GCC_DYNAMIC_NO_PIC = NO;
				GCC_OPTIMIZATION_LEVEL = 0;
				GCC_PREPROCESSOR_DEFINITIONS = (
					"DEBUG=1",
					"$(inherited)",
				);
				GCC_SYMBOLS_PRIVATE_EXTERN = NO;
				GCC_WARN_64_TO_32_BIT_CONVERSION = YES;
				GCC_WARN_ABOUT_RETURN_TYPE = YES_ERROR;
				GCC_WARN_UNDECLARED_SELECTOR = YES;
				GCC_WARN_UNINITIALIZED_AUTOS = YES_AGGRESSIVE;
				GCC_WARN_UNUSED_FUNCTION = YES;
				GCC_WARN_UNUSED_VARIABLE = YES;
				IPHONEOS_DEPLOYMENT_TARGET = 8.2;
				MODULEMAP_FILE = module.modulemap;
				MTL_ENABLE_DEBUG_INFO = YES;
				ONLY_ACTIVE_ARCH = YES;
				SDKROOT = iphoneos;
				SWIFT_OPTIMIZATION_LEVEL = "-Onone";
				TARGETED_DEVICE_FAMILY = "1,2";
				VERSIONING_SYSTEM = "apple-generic";
				VERSION_INFO_PREFIX = "";
			};
			name = Debug;
		};
		170BFA5B1AD5DBA800BFFEAC /* Release */ = {
			isa = XCBuildConfiguration;
			buildSettings = {
				ALWAYS_SEARCH_USER_PATHS = NO;
				CLANG_ALLOW_NON_MODULAR_INCLUDES_IN_FRAMEWORK_MODULES = YES;
				CLANG_CXX_LANGUAGE_STANDARD = "gnu++0x";
				CLANG_CXX_LIBRARY = "libc++";
				CLANG_ENABLE_MODULES = YES;
				CLANG_ENABLE_OBJC_ARC = YES;
				CLANG_WARN_BOOL_CONVERSION = YES;
				CLANG_WARN_CONSTANT_CONVERSION = YES;
				CLANG_WARN_DIRECT_OBJC_ISA_USAGE = YES_ERROR;
				CLANG_WARN_EMPTY_BODY = YES;
				CLANG_WARN_ENUM_CONVERSION = YES;
				CLANG_WARN_INT_CONVERSION = YES;
				CLANG_WARN_OBJC_ROOT_CLASS = YES_ERROR;
				CLANG_WARN_UNREACHABLE_CODE = YES;
				CLANG_WARN__DUPLICATE_METHOD_MATCH = YES;
				"CODE_SIGN_IDENTITY[sdk=iphoneos*]" = "iPhone Developer";
				COPY_PHASE_STRIP = NO;
				CURRENT_PROJECT_VERSION = 1;
				DEFINES_MODULE = YES;
				ENABLE_NS_ASSERTIONS = NO;
				ENABLE_STRICT_OBJC_MSGSEND = YES;
				GCC_C_LANGUAGE_STANDARD = gnu99;
				GCC_WARN_64_TO_32_BIT_CONVERSION = YES;
				GCC_WARN_ABOUT_RETURN_TYPE = YES_ERROR;
				GCC_WARN_UNDECLARED_SELECTOR = YES;
				GCC_WARN_UNINITIALIZED_AUTOS = YES_AGGRESSIVE;
				GCC_WARN_UNUSED_FUNCTION = YES;
				GCC_WARN_UNUSED_VARIABLE = YES;
				IPHONEOS_DEPLOYMENT_TARGET = 8.2;
				MODULEMAP_FILE = module.modulemap;
				MTL_ENABLE_DEBUG_INFO = NO;
				SDKROOT = iphoneos;
				TARGETED_DEVICE_FAMILY = "1,2";
				VALIDATE_PRODUCT = YES;
				VERSIONING_SYSTEM = "apple-generic";
				VERSION_INFO_PREFIX = "";
			};
			name = Release;
		};
		170BFA5D1AD5DBA800BFFEAC /* Debug */ = {
			isa = XCBuildConfiguration;
			buildSettings = {
				CLANG_ENABLE_MODULES = YES;
				DEFINES_MODULE = YES;
				DYLIB_COMPATIBILITY_VERSION = 1;
				DYLIB_CURRENT_VERSION = 1;
				DYLIB_INSTALL_NAME_BASE = "@rpath";
				INFOPLIST_FILE = NucleusFramework/Info.plist;
				INSTALL_PATH = "$(LOCAL_LIBRARY_DIR)/Frameworks";
				LD_RUNPATH_SEARCH_PATHS = "$(inherited) @executable_path/Frameworks @loader_path/Frameworks";
				PRODUCT_NAME = "$(TARGET_NAME)";
				SKIP_INSTALL = YES;
				SWIFT_OPTIMIZATION_LEVEL = "-Onone";
			};
			name = Debug;
		};
		170BFA5E1AD5DBA800BFFEAC /* Release */ = {
			isa = XCBuildConfiguration;
			buildSettings = {
				CLANG_ENABLE_MODULES = YES;
				DEFINES_MODULE = YES;
				DYLIB_COMPATIBILITY_VERSION = 1;
				DYLIB_CURRENT_VERSION = 1;
				DYLIB_INSTALL_NAME_BASE = "@rpath";
				INFOPLIST_FILE = NucleusFramework/Info.plist;
				INSTALL_PATH = "$(LOCAL_LIBRARY_DIR)/Frameworks";
				LD_RUNPATH_SEARCH_PATHS = "$(inherited) @executable_path/Frameworks @loader_path/Frameworks";
				PRODUCT_NAME = "$(TARGET_NAME)";
				SKIP_INSTALL = YES;
			};
			name = Release;
		};
		170BFA601AD5DBA800BFFEAC /* Debug */ = {
			isa = XCBuildConfiguration;
			buildSettings = {
				FRAMEWORK_SEARCH_PATHS = (
					"$(SDKROOT)/Developer/Library/Frameworks",
					"$(inherited)",
				);
				GCC_PREPROCESSOR_DEFINITIONS = (
					"DEBUG=1",
					"$(inherited)",
				);
				INFOPLIST_FILE = NucleusFrameworkTests/Info.plist;
				LD_RUNPATH_SEARCH_PATHS = "$(inherited) @executable_path/Frameworks @loader_path/Frameworks";
				PRODUCT_NAME = "$(TARGET_NAME)";
			};
			name = Debug;
		};
		170BFA611AD5DBA800BFFEAC /* Release */ = {
			isa = XCBuildConfiguration;
			buildSettings = {
				FRAMEWORK_SEARCH_PATHS = (
					"$(SDKROOT)/Developer/Library/Frameworks",
					"$(inherited)",
				);
				INFOPLIST_FILE = NucleusFrameworkTests/Info.plist;
				LD_RUNPATH_SEARCH_PATHS = "$(inherited) @executable_path/Frameworks @loader_path/Frameworks";
				PRODUCT_NAME = "$(TARGET_NAME)";
			};
			name = Release;
		};
/* End XCBuildConfiguration section */

/* Begin XCConfigurationList section */
		170BFA401AD5DBA800BFFEAC /* Build configuration list for PBXProject "NucleusFramework" */ = {
			isa = XCConfigurationList;
			buildConfigurations = (
				170BFA5A1AD5DBA800BFFEAC /* Debug */,
				170BFA5B1AD5DBA800BFFEAC /* Release */,
			);
			defaultConfigurationIsVisible = 0;
			defaultConfigurationName = Release;
		};
		170BFA5C1AD5DBA800BFFEAC /* Build configuration list for PBXNativeTarget "NucleusFramework" */ = {
			isa = XCConfigurationList;
			buildConfigurations = (
				170BFA5D1AD5DBA800BFFEAC /* Debug */,
				170BFA5E1AD5DBA800BFFEAC /* Release */,
			);
			defaultConfigurationIsVisible = 0;
			defaultConfigurationName = Release;
		};
		170BFA5F1AD5DBA800BFFEAC /* Build configuration list for PBXNativeTarget "NucleusFrameworkTests" */ = {
			isa = XCConfigurationList;
			buildConfigurations = (
				170BFA601AD5DBA800BFFEAC /* Debug */,
				170BFA611AD5DBA800BFFEAC /* Release */,
			);
			defaultConfigurationIsVisible = 0;
			defaultConfigurationName = Release;
		};
/* End XCConfigurationList section */
	};
	rootObject = 170BFA3D1AD5DBA800BFFEAC /* Project object */;
}
